// !$*UTF8*$!
{
	archiveVersion = 1;
	classes = {
	};
	objectVersion = 50;
	objects = {

/* Begin PBXBuildFile section */
		1EEB67763A04B1CDA7ADDC56 /* Pods_Stopwatch.framework in Frameworks */ = {isa = PBXBuildFile; fileRef = 8C0D4AB51F1ABE836A761E1E /* Pods_Stopwatch.framework */; };
		81174F4620B9D3AC00678C48 /* Assets.xcassets in Resources */ = {isa = PBXBuildFile; fileRef = 81174F4520B9D3AC00678C48 /* Assets.xcassets */; };
		81174F4820BA1CFF00678C48 /* HIstoryViewController.swift in Sources */ = {isa = PBXBuildFile; fileRef = 81174F4720BA1CFF00678C48 /* HIstoryViewController.swift */; };
		81174F4B20BAE9A400678C48 /* WorkItemTableViewCell.swift in Sources */ = {isa = PBXBuildFile; fileRef = 81174F4A20BAE9A300678C48 /* WorkItemTableViewCell.swift */; };
		811EB29B20B6F868009814D5 /* AppDelegate.swift in Sources */ = {isa = PBXBuildFile; fileRef = 811EB29A20B6F868009814D5 /* AppDelegate.swift */; };
		811EB29D20B6F868009814D5 /* TimerViewController.swift in Sources */ = {isa = PBXBuildFile; fileRef = 811EB29C20B6F868009814D5 /* TimerViewController.swift */; };
		811EB2A020B6F868009814D5 /* Main.storyboard in Resources */ = {isa = PBXBuildFile; fileRef = 811EB29E20B6F868009814D5 /* Main.storyboard */; };
		811EB2A520B6F86A009814D5 /* LaunchScreen.storyboard in Resources */ = {isa = PBXBuildFile; fileRef = 811EB2A320B6F86A009814D5 /* LaunchScreen.storyboard */; };
		811EB2B920B75ED9009814D5 /* Stopwatch.swift in Sources */ = {isa = PBXBuildFile; fileRef = 811EB2B820B75ED9009814D5 /* Stopwatch.swift */; };
		811EB2BD20B771C3009814D5 /* SaveTimeViewController.swift in Sources */ = {isa = PBXBuildFile; fileRef = 811EB2BC20B771C3009814D5 /* SaveTimeViewController.swift */; };
		811EB2C020B8729C009814D5 /* Task.swift in Sources */ = {isa = PBXBuildFile; fileRef = 811EB2BF20B8729C009814D5 /* Task.swift */; };
		811EB2C220B872A9009814D5 /* WorkItem.swift in Sources */ = {isa = PBXBuildFile; fileRef = 811EB2C120B872A9009814D5 /* WorkItem.swift */; };
/* End PBXBuildFile section */

/* Begin PBXFileReference section */
		26C8463AC1BA61624C26A3DF /* Pods-Stopwatch.release.xcconfig */ = {isa = PBXFileReference; includeInIndex = 1; lastKnownFileType = text.xcconfig; name = "Pods-Stopwatch.release.xcconfig"; path = "Pods/Target Support Files/Pods-Stopwatch/Pods-Stopwatch.release.xcconfig"; sourceTree = "<group>"; };
		3630DEDC28232D77056FB9ED /* Pods-Stopwatch.debug.xcconfig */ = {isa = PBXFileReference; includeInIndex = 1; lastKnownFileType = text.xcconfig; name = "Pods-Stopwatch.debug.xcconfig"; path = "Pods/Target Support Files/Pods-Stopwatch/Pods-Stopwatch.debug.xcconfig"; sourceTree = "<group>"; };
		81174F4520B9D3AC00678C48 /* Assets.xcassets */ = {isa = PBXFileReference; lastKnownFileType = folder.assetcatalog; path = Assets.xcassets; sourceTree = "<group>"; };
		81174F4720BA1CFF00678C48 /* HIstoryViewController.swift */ = {isa = PBXFileReference; lastKnownFileType = sourcecode.swift; path = HIstoryViewController.swift; sourceTree = "<group>"; };
		81174F4A20BAE9A300678C48 /* WorkItemTableViewCell.swift */ = {isa = PBXFileReference; lastKnownFileType = sourcecode.swift; path = WorkItemTableViewCell.swift; sourceTree = "<group>"; };
		811EB29720B6F868009814D5 /* Stopwatch.app */ = {isa = PBXFileReference; explicitFileType = wrapper.application; includeInIndex = 0; path = Stopwatch.app; sourceTree = BUILT_PRODUCTS_DIR; };
		811EB29A20B6F868009814D5 /* AppDelegate.swift */ = {isa = PBXFileReference; lastKnownFileType = sourcecode.swift; path = AppDelegate.swift; sourceTree = "<group>"; };
		811EB29C20B6F868009814D5 /* TimerViewController.swift */ = {isa = PBXFileReference; lastKnownFileType = sourcecode.swift; path = TimerViewController.swift; sourceTree = "<group>"; };
		811EB29F20B6F868009814D5 /* Base */ = {isa = PBXFileReference; lastKnownFileType = file.storyboard; name = Base; path = Base.lproj/Main.storyboard; sourceTree = "<group>"; };
		811EB2A420B6F86A009814D5 /* Base */ = {isa = PBXFileReference; lastKnownFileType = file.storyboard; name = Base; path = Base.lproj/LaunchScreen.storyboard; sourceTree = "<group>"; };
		811EB2A620B6F86A009814D5 /* Info.plist */ = {isa = PBXFileReference; lastKnownFileType = text.plist.xml; path = Info.plist; sourceTree = "<group>"; };
		811EB2B820B75ED9009814D5 /* Stopwatch.swift */ = {isa = PBXFileReference; lastKnownFileType = sourcecode.swift; path = Stopwatch.swift; sourceTree = "<group>"; };
		811EB2BC20B771C3009814D5 /* SaveTimeViewController.swift */ = {isa = PBXFileReference; lastKnownFileType = sourcecode.swift; name = SaveTimeViewController.swift; path = /Users/alberttagirov/Documents/XcodeProjects/TimeTracker/Stopwatch/ViewControllers/SaveTimeViewController.swift; sourceTree = "<absolute>"; };
		811EB2BF20B8729C009814D5 /* Task.swift */ = {isa = PBXFileReference; lastKnownFileType = sourcecode.swift; path = Task.swift; sourceTree = "<group>"; };
		811EB2C120B872A9009814D5 /* WorkItem.swift */ = {isa = PBXFileReference; lastKnownFileType = sourcecode.swift; path = WorkItem.swift; sourceTree = "<group>"; };
		8C0D4AB51F1ABE836A761E1E /* Pods_Stopwatch.framework */ = {isa = PBXFileReference; explicitFileType = wrapper.framework; includeInIndex = 0; path = Pods_Stopwatch.framework; sourceTree = BUILT_PRODUCTS_DIR; };
/* End PBXFileReference section */

/* Begin PBXFrameworksBuildPhase section */
		811EB29420B6F868009814D5 /* Frameworks */ = {
			isa = PBXFrameworksBuildPhase;
			buildActionMask = 2147483647;
			files = (
				1EEB67763A04B1CDA7ADDC56 /* Pods_Stopwatch.framework in Frameworks */,
			);
			runOnlyForDeploymentPostprocessing = 0;
		};
/* End PBXFrameworksBuildPhase section */

/* Begin PBXGroup section */
		81174F4920BAE97000678C48 /* Cells */ = {
			isa = PBXGroup;
			children = (
				81174F4A20BAE9A300678C48 /* WorkItemTableViewCell.swift */,
			);
			path = Cells;
			sourceTree = "<group>";
		};
		81174F5520BC87EE00678C48 /* ViewControllers */ = {
			isa = PBXGroup;
			children = (
				811EB29C20B6F868009814D5 /* TimerViewController.swift */,
				811EB2BC20B771C3009814D5 /* SaveTimeViewController.swift */,
				81174F4720BA1CFF00678C48 /* HIstoryViewController.swift */,
			);
			path = ViewControllers;
			sourceTree = "<group>";
		};
		811EB28E20B6F868009814D5 = {
			isa = PBXGroup;
			children = (
				811EB29920B6F868009814D5 /* Stopwatch */,
				811EB29820B6F868009814D5 /* Products */,
				941AF246CD45B01AF1C908B0 /* Pods */,
				FCA8A321A6644F0484E2012E /* Frameworks */,
			);
			sourceTree = "<group>";
		};
		811EB29820B6F868009814D5 /* Products */ = {
			isa = PBXGroup;
			children = (
				811EB29720B6F868009814D5 /* Stopwatch.app */,
			);
			name = Products;
			sourceTree = "<group>";
		};
		811EB29920B6F868009814D5 /* Stopwatch */ = {
			isa = PBXGroup;
			children = (
				811EB29A20B6F868009814D5 /* AppDelegate.swift */,
				81174F5520BC87EE00678C48 /* ViewControllers */,
				81174F4920BAE97000678C48 /* Cells */,
				811EB2BE20B87284009814D5 /* Models */,
				811EB2B820B75ED9009814D5 /* Stopwatch.swift */,
				81174F4520B9D3AC00678C48 /* Assets.xcassets */,
				811EB29E20B6F868009814D5 /* Main.storyboard */,
				811EB2A320B6F86A009814D5 /* LaunchScreen.storyboard */,
				811EB2A620B6F86A009814D5 /* Info.plist */,
			);
			path = Stopwatch;
			sourceTree = "<group>";
		};
		811EB2BE20B87284009814D5 /* Models */ = {
			isa = PBXGroup;
			children = (
				811EB2BF20B8729C009814D5 /* Task.swift */,
				811EB2C120B872A9009814D5 /* WorkItem.swift */,
			);
			path = Models;
			sourceTree = "<group>";
		};
		941AF246CD45B01AF1C908B0 /* Pods */ = {
			isa = PBXGroup;
			children = (
				3630DEDC28232D77056FB9ED /* Pods-Stopwatch.debug.xcconfig */,
				26C8463AC1BA61624C26A3DF /* Pods-Stopwatch.release.xcconfig */,
			);
			name = Pods;
			sourceTree = "<group>";
		};
		FCA8A321A6644F0484E2012E /* Frameworks */ = {
			isa = PBXGroup;
			children = (
				8C0D4AB51F1ABE836A761E1E /* Pods_Stopwatch.framework */,
			);
			name = Frameworks;
			sourceTree = "<group>";
		};
/* End PBXGroup section */

/* Begin PBXNativeTarget section */
		811EB29620B6F868009814D5 /* Stopwatch */ = {
			isa = PBXNativeTarget;
			buildConfigurationList = 811EB2A920B6F86A009814D5 /* Build configuration list for PBXNativeTarget "Stopwatch" */;
			buildPhases = (
				76DB7A803F417DF3EBDFBE15 /* [CP] Check Pods Manifest.lock */,
				811EB29320B6F868009814D5 /* Sources */,
				811EB29420B6F868009814D5 /* Frameworks */,
				811EB29520B6F868009814D5 /* Resources */,
				43EEC432EE3ABBBC1062E17F /* [CP] Embed Pods Frameworks */,
			);
			buildRules = (
			);
			dependencies = (
			);
			name = Stopwatch;
			productName = Stopwatch;
			productReference = 811EB29720B6F868009814D5 /* Stopwatch.app */;
			productType = "com.apple.product-type.application";
		};
/* End PBXNativeTarget section */

/* Begin PBXProject section */
		811EB28F20B6F868009814D5 /* Project object */ = {
			isa = PBXProject;
			attributes = {
				LastSwiftUpdateCheck = 0930;
				LastUpgradeCheck = 0930;
				ORGANIZATIONNAME = "Albert Tagirov";
				TargetAttributes = {
					811EB29620B6F868009814D5 = {
						CreatedOnToolsVersion = 9.3.1;
					};
				};
			};
			buildConfigurationList = 811EB29220B6F868009814D5 /* Build configuration list for PBXProject "Stopwatch" */;
			compatibilityVersion = "Xcode 9.3";
			developmentRegion = en;
			hasScannedForEncodings = 0;
			knownRegions = (
				en,
				Base,
			);
			mainGroup = 811EB28E20B6F868009814D5;
			productRefGroup = 811EB29820B6F868009814D5 /* Products */;
			projectDirPath = "";
			projectRoot = "";
			targets = (
				811EB29620B6F868009814D5 /* Stopwatch */,
			);
		};
/* End PBXProject section */

/* Begin PBXResourcesBuildPhase section */
		811EB29520B6F868009814D5 /* Resources */ = {
			isa = PBXResourcesBuildPhase;
			buildActionMask = 2147483647;
			files = (
				811EB2A520B6F86A009814D5 /* LaunchScreen.storyboard in Resources */,
				811EB2A020B6F868009814D5 /* Main.storyboard in Resources */,
				81174F4620B9D3AC00678C48 /* Assets.xcassets in Resources */,
			);
			runOnlyForDeploymentPostprocessing = 0;
		};
/* End PBXResourcesBuildPhase section */

/* Begin PBXShellScriptBuildPhase section */
		43EEC432EE3ABBBC1062E17F /* [CP] Embed Pods Frameworks */ = {
			isa = PBXShellScriptBuildPhase;
			buildActionMask = 2147483647;
			files = (
			);
			inputPaths = (
				"${SRCROOT}/Pods/Target Support Files/Pods-Stopwatch/Pods-Stopwatch-frameworks.sh",
				"${BUILT_PRODUCTS_DIR}/FSCalendar/FSCalendar.framework",
				"${BUILT_PRODUCTS_DIR}/Realm/Realm.framework",
				"${BUILT_PRODUCTS_DIR}/RealmSwift/RealmSwift.framework",
			);
			name = "[CP] Embed Pods Frameworks";
			outputPaths = (
				"${TARGET_BUILD_DIR}/${FRAMEWORKS_FOLDER_PATH}/FSCalendar.framework",
				"${TARGET_BUILD_DIR}/${FRAMEWORKS_FOLDER_PATH}/Realm.framework",
				"${TARGET_BUILD_DIR}/${FRAMEWORKS_FOLDER_PATH}/RealmSwift.framework",
			);
			runOnlyForDeploymentPostprocessing = 0;
			shellPath = /bin/sh;
			shellScript = "\"${SRCROOT}/Pods/Target Support Files/Pods-Stopwatch/Pods-Stopwatch-frameworks.sh\"\n";
			showEnvVarsInLog = 0;
		};
		76DB7A803F417DF3EBDFBE15 /* [CP] Check Pods Manifest.lock */ = {
			isa = PBXShellScriptBuildPhase;
			buildActionMask = 2147483647;
			files = (
			);
			inputPaths = (
				"${PODS_PODFILE_DIR_PATH}/Podfile.lock",
				"${PODS_ROOT}/Manifest.lock",
			);
			name = "[CP] Check Pods Manifest.lock";
			outputPaths = (
				"$(DERIVED_FILE_DIR)/Pods-Stopwatch-checkManifestLockResult.txt",
			);
			runOnlyForDeploymentPostprocessing = 0;
			shellPath = /bin/sh;
			shellScript = "diff \"${PODS_PODFILE_DIR_PATH}/Podfile.lock\" \"${PODS_ROOT}/Manifest.lock\" > /dev/null\nif [ $? != 0 ] ; then\n    # print error to STDERR\n    echo \"error: The sandbox is not in sync with the Podfile.lock. Run 'pod install' or update your CocoaPods installation.\" >&2\n    exit 1\nfi\n# This output is used by Xcode 'outputs' to avoid re-running this script phase.\necho \"SUCCESS\" > \"${SCRIPT_OUTPUT_FILE_0}\"\n";
			showEnvVarsInLog = 0;
		};
/* End PBXShellScriptBuildPhase section */

/* Begin PBXSourcesBuildPhase section */
		811EB29320B6F868009814D5 /* Sources */ = {
			isa = PBXSourcesBuildPhase;
			buildActionMask = 2147483647;
			files = (
				811EB2BD20B771C3009814D5 /* SaveTimeViewController.swift in Sources */,
				811EB29D20B6F868009814D5 /* TimerViewController.swift in Sources */,
				811EB2C020B8729C009814D5 /* Task.swift in Sources */,
				81174F4B20BAE9A400678C48 /* WorkItemTableViewCell.swift in Sources */,
				811EB2B920B75ED9009814D5 /* Stopwatch.swift in Sources */,
				811EB29B20B6F868009814D5 /* AppDelegate.swift in Sources */,
				81174F4820BA1CFF00678C48 /* HIstoryViewController.swift in Sources */,
				811EB2C220B872A9009814D5 /* WorkItem.swift in Sources */,
			);
			runOnlyForDeploymentPostprocessing = 0;
		};
/* End PBXSourcesBuildPhase section */

/* Begin PBXVariantGroup section */
		811EB29E20B6F868009814D5 /* Main.storyboard */ = {
			isa = PBXVariantGroup;
			children = (
				811EB29F20B6F868009814D5 /* Base */,
			);
			name = Main.storyboard;
			sourceTree = "<group>";
		};
		811EB2A320B6F86A009814D5 /* LaunchScreen.storyboard */ = {
			isa = PBXVariantGroup;
			children = (
				811EB2A420B6F86A009814D5 /* Base */,
			);
			name = LaunchScreen.storyboard;
			sourceTree = "<group>";
		};
/* End PBXVariantGroup section */

/* Begin XCBuildConfiguration section */
		811EB2A720B6F86A009814D5 /* Debug */ = {
			isa = XCBuildConfiguration;
			buildSettings = {
				ALWAYS_SEARCH_USER_PATHS = NO;
				CLANG_ANALYZER_NONNULL = YES;
				CLANG_ANALYZER_NUMBER_OBJECT_CONVERSION = YES_AGGRESSIVE;
				CLANG_CXX_LANGUAGE_STANDARD = "gnu++14";
				CLANG_CXX_LIBRARY = "libc++";
				CLANG_ENABLE_MODULES = YES;
				CLANG_ENABLE_OBJC_ARC = YES;
				CLANG_ENABLE_OBJC_WEAK = YES;
				CLANG_WARN_BLOCK_CAPTURE_AUTORELEASING = YES;
				CLANG_WARN_BOOL_CONVERSION = YES;
				CLANG_WARN_COMMA = YES;
				CLANG_WARN_CONSTANT_CONVERSION = YES;
				CLANG_WARN_DEPRECATED_OBJC_IMPLEMENTATIONS = YES;
				CLANG_WARN_DIRECT_OBJC_ISA_USAGE = YES_ERROR;
				CLANG_WARN_DOCUMENTATION_COMMENTS = YES;
				CLANG_WARN_EMPTY_BODY = YES;
				CLANG_WARN_ENUM_CONVERSION = YES;
				CLANG_WARN_INFINITE_RECURSION = YES;
				CLANG_WARN_INT_CONVERSION = YES;
				CLANG_WARN_NON_LITERAL_NULL_CONVERSION = YES;
				CLANG_WARN_OBJC_IMPLICIT_RETAIN_SELF = YES;
				CLANG_WARN_OBJC_LITERAL_CONVERSION = YES;
				CLANG_WARN_OBJC_ROOT_CLASS = YES_ERROR;
				CLANG_WARN_RANGE_LOOP_ANALYSIS = YES;
				CLANG_WARN_STRICT_PROTOTYPES = YES;
				CLANG_WARN_SUSPICIOUS_MOVE = YES;
				CLANG_WARN_UNGUARDED_AVAILABILITY = YES_AGGRESSIVE;
				CLANG_WARN_UNREACHABLE_CODE = YES;
				CLANG_WARN__DUPLICATE_METHOD_MATCH = YES;
				CODE_SIGN_IDENTITY = "iPhone Developer";
				COPY_PHASE_STRIP = NO;
				DEBUG_INFORMATION_FORMAT = dwarf;
				ENABLE_STRICT_OBJC_MSGSEND = YES;
				ENABLE_TESTABILITY = YES;
				GCC_C_LANGUAGE_STANDARD = gnu11;
				GCC_DYNAMIC_NO_PIC = NO;
				GCC_NO_COMMON_BLOCKS = YES;
				GCC_OPTIMIZATION_LEVEL = 0;
				GCC_PREPROCESSOR_DEFINITIONS = (
					"DEBUG=1",
					"$(inherited)",
				);
				GCC_WARN_64_TO_32_BIT_CONVERSION = YES;
				GCC_WARN_ABOUT_RETURN_TYPE = YES_ERROR;
				GCC_WARN_UNDECLARED_SELECTOR = YES;
				GCC_WARN_UNINITIALIZED_AUTOS = YES_AGGRESSIVE;
				GCC_WARN_UNUSED_FUNCTION = YES;
				GCC_WARN_UNUSED_VARIABLE = YES;
				IPHONEOS_DEPLOYMENT_TARGET = 11.3;
				MTL_ENABLE_DEBUG_INFO = YES;
				ONLY_ACTIVE_ARCH = YES;
				SDKROOT = iphoneos;
				SWIFT_ACTIVE_COMPILATION_CONDITIONS = DEBUG;
				SWIFT_OPTIMIZATION_LEVEL = "-Onone";
			};
			name = Debug;
		};
		811EB2A820B6F86A009814D5 /* Release */ = {
			isa = XCBuildConfiguration;
			buildSettings = {
				ALWAYS_SEARCH_USER_PATHS = NO;
				CLANG_ANALYZER_NONNULL = YES;
				CLANG_ANALYZER_NUMBER_OBJECT_CONVERSION = YES_AGGRESSIVE;
				CLANG_CXX_LANGUAGE_STANDARD = "gnu++14";
				CLANG_CXX_LIBRARY = "libc++";
				CLANG_ENABLE_MODULES = YES;
				CLANG_ENABLE_OBJC_ARC = YES;
				CLANG_ENABLE_OBJC_WEAK = YES;
				CLANG_WARN_BLOCK_CAPTURE_AUTORELEASING = YES;
				CLANG_WARN_BOOL_CONVERSION = YES;
				CLANG_WARN_COMMA = YES;
				CLANG_WARN_CONSTANT_CONVERSION = YES;
				CLANG_WARN_DEPRECATED_OBJC_IMPLEMENTATIONS = YES;
				CLANG_WARN_DIRECT_OBJC_ISA_USAGE = YES_ERROR;
				CLANG_WARN_DOCUMENTATION_COMMENTS = YES;
				CLANG_WARN_EMPTY_BODY = YES;
				CLANG_WARN_ENUM_CONVERSION = YES;
				CLANG_WARN_INFINITE_RECURSION = YES;
				CLANG_WARN_INT_CONVERSION = YES;
				CLANG_WARN_NON_LITERAL_NULL_CONVERSION = YES;
				CLANG_WARN_OBJC_IMPLICIT_RETAIN_SELF = YES;
				CLANG_WARN_OBJC_LITERAL_CONVERSION = YES;
				CLANG_WARN_OBJC_ROOT_CLASS = YES_ERROR;
				CLANG_WARN_RANGE_LOOP_ANALYSIS = YES;
				CLANG_WARN_STRICT_PROTOTYPES = YES;
				CLANG_WARN_SUSPICIOUS_MOVE = YES;
				CLANG_WARN_UNGUARDED_AVAILABILITY = YES_AGGRESSIVE;
				CLANG_WARN_UNREACHABLE_CODE = YES;
				CLANG_WARN__DUPLICATE_METHOD_MATCH = YES;
				CODE_SIGN_IDENTITY = "iPhone Developer";
				COPY_PHASE_STRIP = NO;
				DEBUG_INFORMATION_FORMAT = "dwarf-with-dsym";
				ENABLE_NS_ASSERTIONS = NO;
				ENABLE_STRICT_OBJC_MSGSEND = YES;
				GCC_C_LANGUAGE_STANDARD = gnu11;
				GCC_NO_COMMON_BLOCKS = YES;
				GCC_WARN_64_TO_32_BIT_CONVERSION = YES;
				GCC_WARN_ABOUT_RETURN_TYPE = YES_ERROR;
				GCC_WARN_UNDECLARED_SELECTOR = YES;
				GCC_WARN_UNINITIALIZED_AUTOS = YES_AGGRESSIVE;
				GCC_WARN_UNUSED_FUNCTION = YES;
				GCC_WARN_UNUSED_VARIABLE = YES;
				IPHONEOS_DEPLOYMENT_TARGET = 11.3;
				MTL_ENABLE_DEBUG_INFO = NO;
				SDKROOT = iphoneos;
				SWIFT_COMPILATION_MODE = wholemodule;
				SWIFT_OPTIMIZATION_LEVEL = "-O";
				VALIDATE_PRODUCT = YES;
			};
			name = Release;
		};
		811EB2AA20B6F86A009814D5 /* Debug */ = {
			isa = XCBuildConfiguration;
			baseConfigurationReference = 3630DEDC28232D77056FB9ED /* Pods-Stopwatch.debug.xcconfig */;
			buildSettings = {
				ASSETCATALOG_COMPILER_APPICON_NAME = AppIcon;
				CODE_SIGN_STYLE = Automatic;
				DEVELOPMENT_TEAM = V55HUMW5TF;
				INFOPLIST_FILE = Stopwatch/Info.plist;
				IPHONEOS_DEPLOYMENT_TARGET = 9.3;
				LD_RUNPATH_SEARCH_PATHS = (
					"$(inherited)",
					"@executable_path/Frameworks",
				);
				PRODUCT_BUNDLE_IDENTIFIER = ru.albateam.TimeTracker;
				PRODUCT_NAME = "$(TARGET_NAME)";
				SWIFT_VERSION = 4.0;
				TARGETED_DEVICE_FAMILY = 1;
			};
			name = Debug;
		};
		811EB2AB20B6F86A009814D5 /* Release */ = {
			isa = XCBuildConfiguration;
			baseConfigurationReference = 26C8463AC1BA61624C26A3DF /* Pods-Stopwatch.release.xcconfig */;
			buildSettings = {
				ASSETCATALOG_COMPILER_APPICON_NAME = AppIcon;
				CODE_SIGN_STYLE = Automatic;
				DEVELOPMENT_TEAM = V55HUMW5TF;
				INFOPLIST_FILE = Stopwatch/Info.plist;
				IPHONEOS_DEPLOYMENT_TARGET = 9.3;
				LD_RUNPATH_SEARCH_PATHS = (
					"$(inherited)",
					"@executable_path/Frameworks",
				);
				PRODUCT_BUNDLE_IDENTIFIER = ru.albateam.TimeTracker;
				PRODUCT_NAME = "$(TARGET_NAME)";
				SWIFT_VERSION = 4.0;
				TARGETED_DEVICE_FAMILY = 1;
			};
			name = Release;
		};
/* End XCBuildConfiguration section */

/* Begin XCConfigurationList section */
		811EB29220B6F868009814D5 /* Build configuration list for PBXProject "Stopwatch" */ = {
			isa = XCConfigurationList;
			buildConfigurations = (
				811EB2A720B6F86A009814D5 /* Debug */,
				811EB2A820B6F86A009814D5 /* Release */,
			);
			defaultConfigurationIsVisible = 0;
			defaultConfigurationName = Release;
		};
		811EB2A920B6F86A009814D5 /* Build configuration list for PBXNativeTarget "Stopwatch" */ = {
			isa = XCConfigurationList;
			buildConfigurations = (
				811EB2AA20B6F86A009814D5 /* Debug */,
				811EB2AB20B6F86A009814D5 /* Release */,
			);
			defaultConfigurationIsVisible = 0;
			defaultConfigurationName = Release;
		};
/* End XCConfigurationList section */
	};
	rootObject = 811EB28F20B6F868009814D5 /* Project object */;
}
